# THIS IS AN AUTOGENERATED FILE. DO NOT EDIT THIS FILE DIRECTLY.
# yarn lockfile v1


"@remix-run/router@1.20.0":
  "integrity" "sha512-mUnk8rPJBI9loFDZ+YzPGdeniYK+FTmRD1TMCz7ev2SNIozyKKpnGgsxO34u6Z4z/t0ITuu7voi/AshfsGsgFg=="
  "resolved" "https://registry.npmjs.org/@remix-run/router/-/router-1.20.0.tgz"
  "version" "1.20.0"

"@types/prop-types@*":
  "integrity" "sha512-hCZTSvwbzWGvhqxp/RqVqwU999pBf2vp7hzIjiYOsl8wqOmUxkQ6ddw1cV3l8811+kdUFus/q4d1Y3E3SyEifA=="
  "resolved" "https://registry.npmjs.org/@types/prop-types/-/prop-types-15.7.13.tgz"
  "version" "15.7.13"

"@types/react-dom@^18.3.1":
  "integrity" "sha512-qW1Mfv8taImTthu4KoXgDfLuk4bydU6Q/TkADnDWWHwi4NX4BR+LWfTp2sVmTqRrsHvyDDTelgelxJ+SsejKKQ=="
  "resolved" "https://registry.npmjs.org/@types/react-dom/-/react-dom-18.3.1.tgz"
  "version" "18.3.1"
  dependencies:
    "@types/react" "*"

"@types/react@*", "@types/react@^18.3.12":
  "integrity" "sha512-D2wOSq/d6Agt28q7rSI3jhU7G6aiuzljDGZ2hTZHIkrTLUI+AF3WMeKkEZ9nN2fkBAlcktT6vcZjDFiIhMYEQw=="
  "resolved" "https://registry.npmjs.org/@types/react/-/react-18.3.12.tgz"
  "version" "18.3.12"
  dependencies:
    "@types/prop-types" "*"
    "csstype" "^3.0.2"

"csstype@^3.0.2":
  "integrity" "sha512-M1uQkMl8rQK/szD0LNhtqxIPLpimGm8sOBwU7lLnCpSbTyY3yeU1Vc7l4KT5zT4s/yOxHH5O7tIuuLOCnLADRw=="
  "resolved" "https://registry.npmjs.org/csstype/-/csstype-3.1.3.tgz"
  "version" "3.1.3"

"js-tokens@^3.0.0 || ^4.0.0":
  "integrity" "sha512-RdJUflcE3cUzKiMqQgsCu06FPu9UdIJO0beYbPhHN4k6apgJtifcoCtT9bcxOpYBtpD2kCM6Sbzg4CausW/PKQ=="
  "resolved" "https://registry.npmjs.org/js-tokens/-/js-tokens-4.0.0.tgz"
  "version" "4.0.0"

"loose-envify@^1.1.0":
  "integrity" "sha512-lyuxPGr/Wfhrlem2CL/UcnUc1zcqKAImBDzukY7Y5F/yQiNdko6+fRLevlw1HgMySw7f611UIY408EtxRSoK3Q=="
  "resolved" "https://registry.npmjs.org/loose-envify/-/loose-envify-1.4.0.tgz"
  "version" "1.4.0"
  dependencies:
    "js-tokens" "^3.0.0 || ^4.0.0"

"react-dom@>=16.8":
  "integrity" "sha512-5m4nQKp+rZRb09LNH59GM4BxTh9251/ylbKIbpe7TpGxfJ+9kv6BLkLBXIjjspbgbnIBNqlI23tRnTWT0snUIw=="
  "resolved" "https://registry.npmjs.org/react-dom/-/react-dom-18.3.1.tgz"
  "version" "18.3.1"
  dependencies:
    "loose-envify" "^1.1.0"
    "scheduler" "^0.23.2"

"react-router-dom@^6.27.0":
  "integrity" "sha512-+bvtFWMC0DgAFrfKXKG9Fc+BcXWRUO1aJIihbB79xaeq0v5UzfvnM5houGUm1Y461WVRcgAQ+Clh5rdb1eCx4g=="
  "resolved" "https://registry.npmjs.org/react-router-dom/-/react-router-dom-6.27.0.tgz"
  "version" "6.27.0"
  dependencies:
    "@remix-run/router" "1.20.0"
    "react-router" "6.27.0"

"react-router@6.27.0":
  "integrity" "sha512-YA+HGZXz4jaAkVoYBE98VQl+nVzI+cVI2Oj/06F5ZM+0u3TgedN9Y9kmMRo2mnkSK2nCpNQn0DVob4HCsY/WLw=="
  "resolved" "https://registry.npmjs.org/react-router/-/react-router-6.27.0.tgz"
  "version" "6.27.0"
  dependencies:
    "@remix-run/router" "1.20.0"

"react@^18.3.1", "react@>=16.8":
  "integrity" "sha512-wS+hAgJShR0KhEvPJArfuPVN1+Hz1t0Y6n5jLrGQbkb4urgPE/0Rve+1kMB1v/oWgHgm4WIcV+i7F2pTVj+2iQ=="
  "resolved" "https://registry.npmjs.org/react/-/react-18.3.1.tgz"
  "version" "18.3.1"
  dependencies:
    "loose-envify" "^1.1.0"

"scheduler@^0.23.2":
  "integrity" "sha512-UOShsPwz7NrMUqhR6t0hWjFduvOzbtv7toDH1/hIrfRNIDBnnBWd0CwJTGvTpngVlmwGCdP9/Zl/tVrDqcuYzQ=="
  "resolved" "https://registry.npmjs.org/scheduler/-/scheduler-0.23.2.tgz"
  "version" "0.23.2"
  dependencies:
    "loose-envify" "^1.1.0"

"typescript@^5.6.3":
  "integrity" "sha512-hjcS1mhfuyi4WW8IWtjP7brDrG2cuDZukyrYrSauoXGNgx0S7zceP07adYkJycEr56BOUTNPzbInooiN3fn1qw=="
  "resolved" "https://registry.npmjs.org/typescript/-/typescript-5.6.3.tgz"
  "version" "5.6.3"
